Microsoft Visual Studio Solution File, Format Version 12.00
# Visual Studio Version 17
VisualStudioVersion = 17.5.2.0
MinimumVisualStudioVersion = 10.0.40219.1
Project("{FAE04EC0-301F-11D3-BF4B-00C04F79EFBC}") = "Lab8ASP", "Lab8ASP.csproj", "{07A31EB3-81C6-2982-B6F6-80A9E996E95E}"
EndProject
Global
	GlobalSection(SolutionConfigurationPlatforms) = preSolution
		Debug|Any CPU = Debug|Any CPU
		Release|Any CPU = Release|Any CPU
	EndGlobalSection
	GlobalSection(ProjectConfigurationPlatforms) = postSolution
		{07A31EB3-81C6-2982-B6F6-80A9E996E95E}.Debug|Any CPU.ActiveCfg = Debug|Any CPU
		{07A31EB3-81C6-2982-B6F6-80A9E996E95E}.Debug|Any CPU.Build.0 = Debug|Any CPU
		{07A31EB3-81C6-2982-B6F6-80A9E996E95E}.Release|Any CPU.ActiveCfg = Release|Any CPU
		{07A31EB3-81C6-2982-B6F6-80A9E996E95E}.Release|Any CPU.Build.0 = Release|Any CPU
	EndGlobalSection
	GlobalSection(SolutionProperties) = preSolution
		HideSolutionNode = FALSE
	EndGlobalSection
	GlobalSection(ExtensibilityGlobals) = postSolution
		SolutionGuid = {90705495-E116-4036-8367-B629D883195F}
	EndGlobalSection
EndGlobal
